// !$*UTF8*$!
{
	archiveVersion = 1;
	classes = {
	};
	objectVersion = 56;
	objects = {

/* Begin PBXBuildFile section */
		2ABD112FFFE019E349CA2449 /* Pods_CreateAIPicture.framework in Frameworks */ = {isa = PBXBuildFile; fileRef = 646CD8A7400AF829634D263D /* Pods_CreateAIPicture.framework */; };
		2C281914297873DE00DD60EE /* background.json in Resources */ = {isa = PBXBuildFile; fileRef = 2C281913297873DE00DD60EE /* background.json */; };
		2C2819162978744600DD60EE /* CustomBackground.swift in Sources */ = {isa = PBXBuildFile; fileRef = 2C2819152978744600DD60EE /* CustomBackground.swift */; };
		2C28191829789E3B00DD60EE /* Extension.swift in Sources */ = {isa = PBXBuildFile; fileRef = 2C28191729789E3B00DD60EE /* Extension.swift */; };
		2C2819212979D9EC00DD60EE /* Reachability.swift in Sources */ = {isa = PBXBuildFile; fileRef = 2C2819202979D9EC00DD60EE /* Reachability.swift */; };
		2C2819232979DA2D00DD60EE /* CheckingInternetViewController.swift in Sources */ = {isa = PBXBuildFile; fileRef = 2C2819222979DA2D00DD60EE /* CheckingInternetViewController.swift */; };
		2C2819252979DC8500DD60EE /* internet.json in Resources */ = {isa = PBXBuildFile; fileRef = 2C2819242979DC8400DD60EE /* internet.json */; };
		2C2819272979E9A000DD60EE /* CustomButton.swift in Sources */ = {isa = PBXBuildFile; fileRef = 2C2819262979E9A000DD60EE /* CustomButton.swift */; };
		2C5168182975BB4D004AD005 /* AppDelegate.swift in Sources */ = {isa = PBXBuildFile; fileRef = 2C5168172975BB4D004AD005 /* AppDelegate.swift */; };
		2C51681A2975BB4D004AD005 /* SceneDelegate.swift in Sources */ = {isa = PBXBuildFile; fileRef = 2C5168192975BB4D004AD005 /* SceneDelegate.swift */; };
		2C51681C2975BB4D004AD005 /* SearchScreenViewController.swift in Sources */ = {isa = PBXBuildFile; fileRef = 2C51681B2975BB4D004AD005 /* SearchScreenViewController.swift */; };
		2C5168212975BB4F004AD005 /* Assets.xcassets in Resources */ = {isa = PBXBuildFile; fileRef = 2C5168202975BB4F004AD005 /* Assets.xcassets */; };
		2C5168242975BB4F004AD005 /* LaunchScreen.storyboard in Resources */ = {isa = PBXBuildFile; fileRef = 2C5168222975BB4F004AD005 /* LaunchScreen.storyboard */; };
		2C51682C2975D208004AD005 /* SearchScreenView.swift in Sources */ = {isa = PBXBuildFile; fileRef = 2C51682B2975D208004AD005 /* SearchScreenView.swift */; };
		2C51682E2975E017004AD005 /* GeneratedPhotoScreenView.swift in Sources */ = {isa = PBXBuildFile; fileRef = 2C51682D2975E017004AD005 /* GeneratedPhotoScreenView.swift */; };
		2C5168302975E02D004AD005 /* GeneratedPhotoViewController.swift in Sources */ = {isa = PBXBuildFile; fileRef = 2C51682F2975E02D004AD005 /* GeneratedPhotoViewController.swift */; };
		2C5168362975EE54004AD005 /* Constant.swift in Sources */ = {isa = PBXBuildFile; fileRef = 2C5168352975EE54004AD005 /* Constant.swift */; };
		2C5168382977577E004AD005 /* HttpRequestHelper.swift in Sources */ = {isa = PBXBuildFile; fileRef = 2C5168372977577E004AD005 /* HttpRequestHelper.swift */; };
		2C51683A29784AFB004AD005 /* CustomLoaderView.swift in Sources */ = {isa = PBXBuildFile; fileRef = 2C51683929784AFB004AD005 /* CustomLoaderView.swift */; };
		2C51683C29784F1E004AD005 /* loader.json in Resources */ = {isa = PBXBuildFile; fileRef = 2C51683B29784F1E004AD005 /* loader.json */; };
		2C51683E2978533B004AD005 /* SearchScreenViewModel.swift in Sources */ = {isa = PBXBuildFile; fileRef = 2C51683D2978533B004AD005 /* SearchScreenViewModel.swift */; };
		2C516840297853E6004AD005 /* OpenAIWrapper.swift in Sources */ = {isa = PBXBuildFile; fileRef = 2C51683F297853E6004AD005 /* OpenAIWrapper.swift */; };
		2C516842297854D0004AD005 /* ImageModel.swift in Sources */ = {isa = PBXBuildFile; fileRef = 2C516841297854D0004AD005 /* ImageModel.swift */; };
		2C51684429785539004AD005 /* HttpUtility.swift in Sources */ = {isa = PBXBuildFile; fileRef = 2C51684329785539004AD005 /* HttpUtility.swift */; };
		2C51684629785567004AD005 /* EndPoint.swift in Sources */ = {isa = PBXBuildFile; fileRef = 2C51684529785567004AD005 /* EndPoint.swift */; };
		2C51684829785589004AD005 /* OpenAIConfiguration.swift in Sources */ = {isa = PBXBuildFile; fileRef = 2C51684729785589004AD005 /* OpenAIConfiguration.swift */; };
/* End PBXBuildFile section */

/* Begin PBXFileReference section */
		2C281913297873DE00DD60EE /* background.json */ = {isa = PBXFileReference; fileEncoding = 4; lastKnownFileType = text.json; name = background.json; path = ../../../Downloads/background.json; sourceTree = "<group>"; };
		2C2819152978744600DD60EE /* CustomBackground.swift */ = {isa = PBXFileReference; lastKnownFileType = sourcecode.swift; path = CustomBackground.swift; sourceTree = "<group>"; };
		2C28191729789E3B00DD60EE /* Extension.swift */ = {isa = PBXFileReference; lastKnownFileType = sourcecode.swift; path = Extension.swift; sourceTree = "<group>"; };
		2C2819202979D9EC00DD60EE /* Reachability.swift */ = {isa = PBXFileReference; lastKnownFileType = sourcecode.swift; path = Reachability.swift; sourceTree = "<group>"; };
		2C2819222979DA2D00DD60EE /* CheckingInternetViewController.swift */ = {isa = PBXFileReference; lastKnownFileType = sourcecode.swift; path = CheckingInternetViewController.swift; sourceTree = "<group>"; };
		2C2819242979DC8400DD60EE /* internet.json */ = {isa = PBXFileReference; fileEncoding = 4; lastKnownFileType = text.json; name = internet.json; path = ../../../Downloads/internet.json; sourceTree = "<group>"; };
		2C2819262979E9A000DD60EE /* CustomButton.swift */ = {isa = PBXFileReference; lastKnownFileType = sourcecode.swift; path = CustomButton.swift; sourceTree = "<group>"; };
		2C5168142975BB4D004AD005 /* CreateAIPicture.app */ = {isa = PBXFileReference; explicitFileType = wrapper.application; includeInIndex = 0; path = CreateAIPicture.app; sourceTree = BUILT_PRODUCTS_DIR; };
		2C5168172975BB4D004AD005 /* AppDelegate.swift */ = {isa = PBXFileReference; lastKnownFileType = sourcecode.swift; path = AppDelegate.swift; sourceTree = "<group>"; };
		2C5168192975BB4D004AD005 /* SceneDelegate.swift */ = {isa = PBXFileReference; lastKnownFileType = sourcecode.swift; path = SceneDelegate.swift; sourceTree = "<group>"; };
		2C51681B2975BB4D004AD005 /* SearchScreenViewController.swift */ = {isa = PBXFileReference; lastKnownFileType = sourcecode.swift; path = SearchScreenViewController.swift; sourceTree = "<group>"; };
		2C5168202975BB4F004AD005 /* Assets.xcassets */ = {isa = PBXFileReference; lastKnownFileType = folder.assetcatalog; path = Assets.xcassets; sourceTree = "<group>"; };
		2C5168232975BB4F004AD005 /* Base */ = {isa = PBXFileReference; lastKnownFileType = file.storyboard; name = Base; path = Base.lproj/LaunchScreen.storyboard; sourceTree = "<group>"; };
		2C5168252975BB4F004AD005 /* Info.plist */ = {isa = PBXFileReference; lastKnownFileType = text.plist.xml; path = Info.plist; sourceTree = "<group>"; };
		2C51682B2975D208004AD005 /* SearchScreenView.swift */ = {isa = PBXFileReference; lastKnownFileType = sourcecode.swift; path = SearchScreenView.swift; sourceTree = "<group>"; };
		2C51682D2975E017004AD005 /* GeneratedPhotoScreenView.swift */ = {isa = PBXFileReference; lastKnownFileType = sourcecode.swift; path = GeneratedPhotoScreenView.swift; sourceTree = "<group>"; };
		2C51682F2975E02D004AD005 /* GeneratedPhotoViewController.swift */ = {isa = PBXFileReference; lastKnownFileType = sourcecode.swift; path = GeneratedPhotoViewController.swift; sourceTree = "<group>"; };
		2C5168352975EE54004AD005 /* Constant.swift */ = {isa = PBXFileReference; lastKnownFileType = sourcecode.swift; path = Constant.swift; sourceTree = "<group>"; };
		2C5168372977577E004AD005 /* HttpRequestHelper.swift */ = {isa = PBXFileReference; lastKnownFileType = sourcecode.swift; path = HttpRequestHelper.swift; sourceTree = "<group>"; };
		2C51683929784AFB004AD005 /* CustomLoaderView.swift */ = {isa = PBXFileReference; lastKnownFileType = sourcecode.swift; path = CustomLoaderView.swift; sourceTree = "<group>"; };
		2C51683B29784F1E004AD005 /* loader.json */ = {isa = PBXFileReference; fileEncoding = 4; lastKnownFileType = text.json; name = loader.json; path = ../../../Downloads/loader.json; sourceTree = "<group>"; };
		2C51683D2978533B004AD005 /* SearchScreenViewModel.swift */ = {isa = PBXFileReference; lastKnownFileType = sourcecode.swift; path = SearchScreenViewModel.swift; sourceTree = "<group>"; };
		2C51683F297853E6004AD005 /* OpenAIWrapper.swift */ = {isa = PBXFileReference; lastKnownFileType = sourcecode.swift; path = OpenAIWrapper.swift; sourceTree = "<group>"; };
		2C516841297854D0004AD005 /* ImageModel.swift */ = {isa = PBXFileReference; lastKnownFileType = sourcecode.swift; path = ImageModel.swift; sourceTree = "<group>"; };
		2C51684329785539004AD005 /* HttpUtility.swift */ = {isa = PBXFileReference; lastKnownFileType = sourcecode.swift; path = HttpUtility.swift; sourceTree = "<group>"; };
		2C51684529785567004AD005 /* EndPoint.swift */ = {isa = PBXFileReference; lastKnownFileType = sourcecode.swift; path = EndPoint.swift; sourceTree = "<group>"; };
		2C51684729785589004AD005 /* OpenAIConfiguration.swift */ = {isa = PBXFileReference; lastKnownFileType = sourcecode.swift; path = OpenAIConfiguration.swift; sourceTree = "<group>"; };
		547801B701CFF78D5B3A1A20 /* Pods-CreateAIPicture.debug.xcconfig */ = {isa = PBXFileReference; includeInIndex = 1; lastKnownFileType = text.xcconfig; name = "Pods-CreateAIPicture.debug.xcconfig"; path = "Target Support Files/Pods-CreateAIPicture/Pods-CreateAIPicture.debug.xcconfig"; sourceTree = "<group>"; };
		646CD8A7400AF829634D263D /* Pods_CreateAIPicture.framework */ = {isa = PBXFileReference; explicitFileType = wrapper.framework; includeInIndex = 0; path = Pods_CreateAIPicture.framework; sourceTree = BUILT_PRODUCTS_DIR; };
		DA20256A61BDABF2607F828E /* Pods-CreateAIPicture.release.xcconfig */ = {isa = PBXFileReference; includeInIndex = 1; lastKnownFileType = text.xcconfig; name = "Pods-CreateAIPicture.release.xcconfig"; path = "Target Support Files/Pods-CreateAIPicture/Pods-CreateAIPicture.release.xcconfig"; sourceTree = "<group>"; };
/* End PBXFileReference section */

/* Begin PBXFrameworksBuildPhase section */
		2C5168112975BB4D004AD005 /* Frameworks */ = {
			isa = PBXFrameworksBuildPhase;
			buildActionMask = 2147483647;
			files = (
				2ABD112FFFE019E349CA2449 /* Pods_CreateAIPicture.framework in Frameworks */,
			);
			runOnlyForDeploymentPostprocessing = 0;
		};
/* End PBXFrameworksBuildPhase section */

/* Begin PBXGroup section */
		2C2819192979D4D300DD60EE /* Network */ = {
			isa = PBXGroup;
			children = (
				2C51684729785589004AD005 /* OpenAIConfiguration.swift */,
				2C5168372977577E004AD005 /* HttpRequestHelper.swift */,
				2C51684329785539004AD005 /* HttpUtility.swift */,
				2C51683F297853E6004AD005 /* OpenAIWrapper.swift */,
			);
			path = Network;
			sourceTree = "<group>";
		};
		2C28191A2979D50200DD60EE /* Constant+Extensions */ = {
			isa = PBXGroup;
			children = (
				2C28191729789E3B00DD60EE /* Extension.swift */,
				2C51684529785567004AD005 /* EndPoint.swift */,
				2C5168352975EE54004AD005 /* Constant.swift */,
				2C2819262979E9A000DD60EE /* CustomButton.swift */,
				2C2819202979D9EC00DD60EE /* Reachability.swift */,
			);
			path = "Constant+Extensions";
			sourceTree = "<group>";
		};
		2C2819282979EF7F00DD60EE /* SearchScreen */ = {
			isa = PBXGroup;
			children = (
				2C51681B2975BB4D004AD005 /* SearchScreenViewController.swift */,
				2C51682B2975D208004AD005 /* SearchScreenView.swift */,
				2C51683D2978533B004AD005 /* SearchScreenViewModel.swift */,
			);
			path = SearchScreen;
			sourceTree = "<group>";
		};
		2C2819292979EFA100DD60EE /* GeneratedScreen */ = {
			isa = PBXGroup;
			children = (
				2C51682F2975E02D004AD005 /* GeneratedPhotoViewController.swift */,
				2C51682D2975E017004AD005 /* GeneratedPhotoScreenView.swift */,
				2C516841297854D0004AD005 /* ImageModel.swift */,
			);
			path = GeneratedScreen;
			sourceTree = "<group>";
		};
		2C28192A2979EFF100DD60EE /* AnimationView */ = {
			isa = PBXGroup;
			children = (
				2C2819222979DA2D00DD60EE /* CheckingInternetViewController.swift */,
				2C51683929784AFB004AD005 /* CustomLoaderView.swift */,
				2C2819152978744600DD60EE /* CustomBackground.swift */,
			);
			path = AnimationView;
			sourceTree = "<group>";
		};
		2C28192B2979F2DC00DD60EE /* Sources */ = {
			isa = PBXGroup;
			children = (
				2C2819282979EF7F00DD60EE /* SearchScreen */,
				2C28192A2979EFF100DD60EE /* AnimationView */,
				2C2819292979EFA100DD60EE /* GeneratedScreen */,
				2C2819192979D4D300DD60EE /* Network */,
				2C28191A2979D50200DD60EE /* Constant+Extensions */,
			);
			path = Sources;
			sourceTree = "<group>";
		};
		2C28192C2979F2E400DD60EE /* Resources */ = {
			isa = PBXGroup;
			children = (
				2C5168172975BB4D004AD005 /* AppDelegate.swift */,
				2C5168192975BB4D004AD005 /* SceneDelegate.swift */,
				2C5168202975BB4F004AD005 /* Assets.xcassets */,
				2C5168222975BB4F004AD005 /* LaunchScreen.storyboard */,
			);
			path = Resources;
			sourceTree = "<group>";
		};
		2C51680B2975BB4D004AD005 = {
			isa = PBXGroup;
			children = (
				2C5168162975BB4D004AD005 /* CreateAIPicture */,
				2C5168152975BB4D004AD005 /* Products */,
				FA482CC775140454513BD19A /* Pods */,
				E8C3A8778E5CE4C7194C434A /* Frameworks */,
			);
			sourceTree = "<group>";
		};
		2C5168152975BB4D004AD005 /* Products */ = {
			isa = PBXGroup;
			children = (
				2C5168142975BB4D004AD005 /* CreateAIPicture.app */,
			);
			name = Products;
			sourceTree = "<group>";
		};
		2C5168162975BB4D004AD005 /* CreateAIPicture */ = {
			isa = PBXGroup;
			children = (
				2C28192C2979F2E400DD60EE /* Resources */,
				2C28192B2979F2DC00DD60EE /* Sources */,
				2C5168252975BB4F004AD005 /* Info.plist */,
				2C2819242979DC8400DD60EE /* internet.json */,
				2C51683B29784F1E004AD005 /* loader.json */,
				2C281913297873DE00DD60EE /* background.json */,
			);
			path = CreateAIPicture;
			sourceTree = "<group>";
		};
		E8C3A8778E5CE4C7194C434A /* Frameworks */ = {
			isa = PBXGroup;
			children = (
				646CD8A7400AF829634D263D /* Pods_CreateAIPicture.framework */,
			);
			name = Frameworks;
			sourceTree = "<group>";
		};
		FA482CC775140454513BD19A /* Pods */ = {
			isa = PBXGroup;
			children = (
				547801B701CFF78D5B3A1A20 /* Pods-CreateAIPicture.debug.xcconfig */,
				DA20256A61BDABF2607F828E /* Pods-CreateAIPicture.release.xcconfig */,
			);
			path = Pods;
			sourceTree = "<group>";
		};
/* End PBXGroup section */

/* Begin PBXNativeTarget section */
		2C5168132975BB4D004AD005 /* CreateAIPicture */ = {
			isa = PBXNativeTarget;
			buildConfigurationList = 2C5168282975BB4F004AD005 /* Build configuration list for PBXNativeTarget "CreateAIPicture" */;
			buildPhases = (
				9194EA15575067E39ED95B2D /* [CP] Check Pods Manifest.lock */,
				2C5168102975BB4D004AD005 /* Sources */,
				2C5168112975BB4D004AD005 /* Frameworks */,
				2C5168122975BB4D004AD005 /* Resources */,
				95DBD655B0177590D8993B36 /* [CP] Embed Pods Frameworks */,
			);
			buildRules = (
			);
			dependencies = (
			);
			name = CreateAIPicture;
			productName = CreateAIPicture;
			productReference = 2C5168142975BB4D004AD005 /* CreateAIPicture.app */;
			productType = "com.apple.product-type.application";
		};
/* End PBXNativeTarget section */

/* Begin PBXProject section */
		2C51680C2975BB4D004AD005 /* Project object */ = {
			isa = PBXProject;
			attributes = {
				BuildIndependentTargetsInParallel = 1;
				LastSwiftUpdateCheck = 1420;
				LastUpgradeCheck = 1420;
				TargetAttributes = {
					2C5168132975BB4D004AD005 = {
						CreatedOnToolsVersion = 14.2;
					};
				};
			};
			buildConfigurationList = 2C51680F2975BB4D004AD005 /* Build configuration list for PBXProject "CreateAIPicture" */;
			compatibilityVersion = "Xcode 14.0";
			developmentRegion = en;
			hasScannedForEncodings = 0;
			knownRegions = (
				en,
				Base,
			);
			mainGroup = 2C51680B2975BB4D004AD005;
			productRefGroup = 2C5168152975BB4D004AD005 /* Products */;
			projectDirPath = "";
			projectRoot = "";
			targets = (
				2C5168132975BB4D004AD005 /* CreateAIPicture */,
			);
		};
/* End PBXProject section */

/* Begin PBXResourcesBuildPhase section */
		2C5168122975BB4D004AD005 /* Resources */ = {
			isa = PBXResourcesBuildPhase;
			buildActionMask = 2147483647;
			files = (
				2C2819252979DC8500DD60EE /* internet.json in Resources */,
				2C5168242975BB4F004AD005 /* LaunchScreen.storyboard in Resources */,
				2C281914297873DE00DD60EE /* background.json in Resources */,
				2C5168212975BB4F004AD005 /* Assets.xcassets in Resources */,
				2C51683C29784F1E004AD005 /* loader.json in Resources */,
			);
			runOnlyForDeploymentPostprocessing = 0;
		};
/* End PBXResourcesBuildPhase section */

/* Begin PBXShellScriptBuildPhase section */
		9194EA15575067E39ED95B2D /* [CP] Check Pods Manifest.lock */ = {
			isa = PBXShellScriptBuildPhase;
			buildActionMask = 2147483647;
			files = (
			);
			inputFileListPaths = (
			);
			inputPaths = (
				"${PODS_PODFILE_DIR_PATH}/Podfile.lock",
				"${PODS_ROOT}/Manifest.lock",
			);
			name = "[CP] Check Pods Manifest.lock";
			outputFileListPaths = (
			);
			outputPaths = (
				"$(DERIVED_FILE_DIR)/Pods-CreateAIPicture-checkManifestLockResult.txt",
			);
			runOnlyForDeploymentPostprocessing = 0;
			shellPath = /bin/sh;
			shellScript = "diff \"${PODS_PODFILE_DIR_PATH}/Podfile.lock\" \"${PODS_ROOT}/Manifest.lock\" > /dev/null\nif [ $? != 0 ] ; then\n    # print error to STDERR\n    echo \"error: The sandbox is not in sync with the Podfile.lock. Run 'pod install' or update your CocoaPods installation.\" >&2\n    exit 1\nfi\n# This output is used by Xcode 'outputs' to avoid re-running this script phase.\necho \"SUCCESS\" > \"${SCRIPT_OUTPUT_FILE_0}\"\n";
			showEnvVarsInLog = 0;
		};
		95DBD655B0177590D8993B36 /* [CP] Embed Pods Frameworks */ = {
			isa = PBXShellScriptBuildPhase;
			buildActionMask = 2147483647;
			files = (
			);
			inputFileListPaths = (
				"${PODS_ROOT}/Target Support Files/Pods-CreateAIPicture/Pods-CreateAIPicture-frameworks-${CONFIGURATION}-input-files.xcfilelist",
			);
			name = "[CP] Embed Pods Frameworks";
			outputFileListPaths = (
				"${PODS_ROOT}/Target Support Files/Pods-CreateAIPicture/Pods-CreateAIPicture-frameworks-${CONFIGURATION}-output-files.xcfilelist",
			);
			runOnlyForDeploymentPostprocessing = 0;
			shellPath = /bin/sh;
			shellScript = "\"${PODS_ROOT}/Target Support Files/Pods-CreateAIPicture/Pods-CreateAIPicture-frameworks.sh\"\n";
			showEnvVarsInLog = 0;
		};
/* End PBXShellScriptBuildPhase section */

/* Begin PBXSourcesBuildPhase section */
		2C5168102975BB4D004AD005 /* Sources */ = {
			isa = PBXSourcesBuildPhase;
			buildActionMask = 2147483647;
			files = (
				2C51681C2975BB4D004AD005 /* SearchScreenViewController.swift in Sources */,
				2C5168382977577E004AD005 /* HttpRequestHelper.swift in Sources */,
				2C2819212979D9EC00DD60EE /* Reachability.swift in Sources */,
				2C5168362975EE54004AD005 /* Constant.swift in Sources */,
				2C5168302975E02D004AD005 /* GeneratedPhotoViewController.swift in Sources */,
				2C51684429785539004AD005 /* HttpUtility.swift in Sources */,
				2C51683E2978533B004AD005 /* SearchScreenViewModel.swift in Sources */,
				2C51683A29784AFB004AD005 /* CustomLoaderView.swift in Sources */,
				2C51684829785589004AD005 /* OpenAIConfiguration.swift in Sources */,
				2C28191829789E3B00DD60EE /* Extension.swift in Sources */,
				2C2819272979E9A000DD60EE /* CustomButton.swift in Sources */,
				2C5168182975BB4D004AD005 /* AppDelegate.swift in Sources */,
				2C2819162978744600DD60EE /* CustomBackground.swift in Sources */,
				2C51682C2975D208004AD005 /* SearchScreenView.swift in Sources */,
				2C51682E2975E017004AD005 /* GeneratedPhotoScreenView.swift in Sources */,
				2C51681A2975BB4D004AD005 /* SceneDelegate.swift in Sources */,
				2C51684629785567004AD005 /* EndPoint.swift in Sources */,
				2C516842297854D0004AD005 /* ImageModel.swift in Sources */,
				2C516840297853E6004AD005 /* OpenAIWrapper.swift in Sources */,
				2C2819232979DA2D00DD60EE /* CheckingInternetViewController.swift in Sources */,
			);
			runOnlyForDeploymentPostprocessing = 0;
		};
/* End PBXSourcesBuildPhase section */

/* Begin PBXVariantGroup section */
		2C5168222975BB4F004AD005 /* LaunchScreen.storyboard */ = {
			isa = PBXVariantGroup;
			children = (
				2C5168232975BB4F004AD005 /* Base */,
			);
			name = LaunchScreen.storyboard;
			sourceTree = "<group>";
		};
/* End PBXVariantGroup section */

/* Begin XCBuildConfiguration section */
		2C5168262975BB4F004AD005 /* Debug */ = {
			isa = XCBuildConfiguration;
			buildSettings = {
				ALWAYS_SEARCH_USER_PATHS = NO;
				CLANG_ANALYZER_NONNULL = YES;
				CLANG_ANALYZER_NUMBER_OBJECT_CONVERSION = YES_AGGRESSIVE;
				CLANG_CXX_LANGUAGE_STANDARD = "gnu++20";
				CLANG_ENABLE_MODULES = YES;
				CLANG_ENABLE_OBJC_ARC = YES;
				CLANG_ENABLE_OBJC_WEAK = YES;
				CLANG_WARN_BLOCK_CAPTURE_AUTORELEASING = YES;
				CLANG_WARN_BOOL_CONVERSION = YES;
				CLANG_WARN_COMMA = YES;
				CLANG_WARN_CONSTANT_CONVERSION = YES;
				CLANG_WARN_DEPRECATED_OBJC_IMPLEMENTATIONS = YES;
				CLANG_WARN_DIRECT_OBJC_ISA_USAGE = YES_ERROR;
				CLANG_WARN_DOCUMENTATION_COMMENTS = YES;
				CLANG_WARN_EMPTY_BODY = YES;
				CLANG_WARN_ENUM_CONVERSION = YES;
				CLANG_WARN_INFINITE_RECURSION = YES;
				CLANG_WARN_INT_CONVERSION = YES;
				CLANG_WARN_NON_LITERAL_NULL_CONVERSION = YES;
				CLANG_WARN_OBJC_IMPLICIT_RETAIN_SELF = YES;
				CLANG_WARN_OBJC_LITERAL_CONVERSION = YES;
				CLANG_WARN_OBJC_ROOT_CLASS = YES_ERROR;
				CLANG_WARN_QUOTED_INCLUDE_IN_FRAMEWORK_HEADER = YES;
				CLANG_WARN_RANGE_LOOP_ANALYSIS = YES;
				CLANG_WARN_STRICT_PROTOTYPES = YES;
				CLANG_WARN_SUSPICIOUS_MOVE = YES;
				CLANG_WARN_UNGUARDED_AVAILABILITY = YES_AGGRESSIVE;
				CLANG_WARN_UNREACHABLE_CODE = YES;
				CLANG_WARN__DUPLICATE_METHOD_MATCH = YES;
				COPY_PHASE_STRIP = NO;
				DEBUG_INFORMATION_FORMAT = dwarf;
				ENABLE_STRICT_OBJC_MSGSEND = YES;
				ENABLE_TESTABILITY = YES;
				GCC_C_LANGUAGE_STANDARD = gnu11;
				GCC_DYNAMIC_NO_PIC = NO;
				GCC_NO_COMMON_BLOCKS = YES;
				GCC_OPTIMIZATION_LEVEL = 0;
				GCC_PREPROCESSOR_DEFINITIONS = (
					"DEBUG=1",
					"$(inherited)",
				);
				GCC_WARN_64_TO_32_BIT_CONVERSION = YES;
				GCC_WARN_ABOUT_RETURN_TYPE = YES_ERROR;
				GCC_WARN_UNDECLARED_SELECTOR = YES;
				GCC_WARN_UNINITIALIZED_AUTOS = YES_AGGRESSIVE;
				GCC_WARN_UNUSED_FUNCTION = YES;
				GCC_WARN_UNUSED_VARIABLE = YES;
				IPHONEOS_DEPLOYMENT_TARGET = 16.2;
				MTL_ENABLE_DEBUG_INFO = INCLUDE_SOURCE;
				MTL_FAST_MATH = YES;
				ONLY_ACTIVE_ARCH = YES;
				SDKROOT = iphoneos;
				SWIFT_ACTIVE_COMPILATION_CONDITIONS = DEBUG;
				SWIFT_OPTIMIZATION_LEVEL = "-Onone";
			};
			name = Debug;
		};
		2C5168272975BB4F004AD005 /* Release */ = {
			isa = XCBuildConfiguration;
			buildSettings = {
				ALWAYS_SEARCH_USER_PATHS = NO;
				CLANG_ANALYZER_NONNULL = YES;
				CLANG_ANALYZER_NUMBER_OBJECT_CONVERSION = YES_AGGRESSIVE;
				CLANG_CXX_LANGUAGE_STANDARD = "gnu++20";
				CLANG_ENABLE_MODULES = YES;
				CLANG_ENABLE_OBJC_ARC = YES;
				CLANG_ENABLE_OBJC_WEAK = YES;
				CLANG_WARN_BLOCK_CAPTURE_AUTORELEASING = YES;
				CLANG_WARN_BOOL_CONVERSION = YES;
				CLANG_WARN_COMMA = YES;
				CLANG_WARN_CONSTANT_CONVERSION = YES;
				CLANG_WARN_DEPRECATED_OBJC_IMPLEMENTATIONS = YES;
				CLANG_WARN_DIRECT_OBJC_ISA_USAGE = YES_ERROR;
				CLANG_WARN_DOCUMENTATION_COMMENTS = YES;
				CLANG_WARN_EMPTY_BODY = YES;
				CLANG_WARN_ENUM_CONVERSION = YES;
				CLANG_WARN_INFINITE_RECURSION = YES;
				CLANG_WARN_INT_CONVERSION = YES;
				CLANG_WARN_NON_LITERAL_NULL_CONVERSION = YES;
				CLANG_WARN_OBJC_IMPLICIT_RETAIN_SELF = YES;
				CLANG_WARN_OBJC_LITERAL_CONVERSION = YES;
				CLANG_WARN_OBJC_ROOT_CLASS = YES_ERROR;
				CLANG_WARN_QUOTED_INCLUDE_IN_FRAMEWORK_HEADER = YES;
				CLANG_WARN_RANGE_LOOP_ANALYSIS = YES;
				CLANG_WARN_STRICT_PROTOTYPES = YES;
				CLANG_WARN_SUSPICIOUS_MOVE = YES;
				CLANG_WARN_UNGUARDED_AVAILABILITY = YES_AGGRESSIVE;
				CLANG_WARN_UNREACHABLE_CODE = YES;
				CLANG_WARN__DUPLICATE_METHOD_MATCH = YES;
				COPY_PHASE_STRIP = NO;
				DEBUG_INFORMATION_FORMAT = "dwarf-with-dsym";
				ENABLE_NS_ASSERTIONS = NO;
				ENABLE_STRICT_OBJC_MSGSEND = YES;
				GCC_C_LANGUAGE_STANDARD = gnu11;
				GCC_NO_COMMON_BLOCKS = YES;
				GCC_WARN_64_TO_32_BIT_CONVERSION = YES;
				GCC_WARN_ABOUT_RETURN_TYPE = YES_ERROR;
				GCC_WARN_UNDECLARED_SELECTOR = YES;
				GCC_WARN_UNINITIALIZED_AUTOS = YES_AGGRESSIVE;
				GCC_WARN_UNUSED_FUNCTION = YES;
				GCC_WARN_UNUSED_VARIABLE = YES;
				IPHONEOS_DEPLOYMENT_TARGET = 16.2;
				MTL_ENABLE_DEBUG_INFO = NO;
				MTL_FAST_MATH = YES;
				SDKROOT = iphoneos;
				SWIFT_COMPILATION_MODE = wholemodule;
				SWIFT_OPTIMIZATION_LEVEL = "-O";
				VALIDATE_PRODUCT = YES;
			};
			name = Release;
		};
		2C5168292975BB4F004AD005 /* Debug */ = {
			isa = XCBuildConfiguration;
			baseConfigurationReference = 547801B701CFF78D5B3A1A20 /* Pods-CreateAIPicture.debug.xcconfig */;
			buildSettings = {
				ASSETCATALOG_COMPILER_APPICON_NAME = AppIcon;
				ASSETCATALOG_COMPILER_GLOBAL_ACCENT_COLOR_NAME = AccentColor;
				CODE_SIGN_STYLE = Automatic;
				CURRENT_PROJECT_VERSION = 1;
				DEVELOPMENT_TEAM = LB62AQUMSB;
				GENERATE_INFOPLIST_FILE = YES;
				INFOPLIST_FILE = CreateAIPicture/Info.plist;
				INFOPLIST_KEY_NSPhotoLibraryAddUsageDescription = "";
				INFOPLIST_KEY_UIApplicationSupportsIndirectInputEvents = YES;
				INFOPLIST_KEY_UILaunchStoryboardName = LaunchScreen;
				INFOPLIST_KEY_UIMainStoryboardFile = "";
				INFOPLIST_KEY_UISupportedInterfaceOrientations = UIInterfaceOrientationPortrait;
				INFOPLIST_KEY_UISupportedInterfaceOrientations_iPad = "UIInterfaceOrientationLandscapeLeft UIInterfaceOrientationLandscapeRight UIInterfaceOrientationPortrait UIInterfaceOrientationPortraitUpsideDown";
				IPHONEOS_DEPLOYMENT_TARGET = 15.5;
				LD_RUNPATH_SEARCH_PATHS = (
					"$(inherited)",
					"@executable_path/Frameworks",
				);
				MARKETING_VERSION = 1.0;
				PRODUCT_BUNDLE_IDENTIFIER = com.nurkovyan.CreateAIPicture.CreateAIPicture;
				PRODUCT_NAME = "$(TARGET_NAME)";
				SUPPORTED_PLATFORMS = "iphoneos iphonesimulator";
				SUPPORTS_MACCATALYST = NO;
				SUPPORTS_MAC_DESIGNED_FOR_IPHONE_IPAD = NO;
				SWIFT_EMIT_LOC_STRINGS = YES;
				SWIFT_VERSION = 5.0;
				TARGETED_DEVICE_FAMILY = 1;
			};
			name = Debug;
		};
		2C51682A2975BB4F004AD005 /* Release */ = {
			isa = XCBuildConfiguration;
			baseConfigurationReference = DA20256A61BDABF2607F828E /* Pods-CreateAIPicture.release.xcconfig */;
			buildSettings = {
				ASSETCATALOG_COMPILER_APPICON_NAME = AppIcon;
				ASSETCATALOG_COMPILER_GLOBAL_ACCENT_COLOR_NAME = AccentColor;
				CODE_SIGN_STYLE = Automatic;
				CURRENT_PROJECT_VERSION = 1;
				DEVELOPMENT_TEAM = LB62AQUMSB;
				GENERATE_INFOPLIST_FILE = YES;
				INFOPLIST_FILE = CreateAIPicture/Info.plist;
				INFOPLIST_KEY_NSPhotoLibraryAddUsageDescription = "";
				INFOPLIST_KEY_UIApplicationSupportsIndirectInputEvents = YES;
				INFOPLIST_KEY_UILaunchStoryboardName = LaunchScreen;
				INFOPLIST_KEY_UIMainStoryboardFile = "";
				INFOPLIST_KEY_UISupportedInterfaceOrientations = UIInterfaceOrientationPortrait;
				INFOPLIST_KEY_UISupportedInterfaceOrientations_iPad = "UIInterfaceOrientationLandscapeLeft UIInterfaceOrientationLandscapeRight UIInterfaceOrientationPortrait UIInterfaceOrientationPortraitUpsideDown";
				IPHONEOS_DEPLOYMENT_TARGET = 15.5;
				LD_RUNPATH_SEARCH_PATHS = (
					"$(inherited)",
					"@executable_path/Frameworks",
				);
				MARKETING_VERSION = 1.0;
				PRODUCT_BUNDLE_IDENTIFIER = com.nurkovyan.CreateAIPicture.CreateAIPicture;
				PRODUCT_NAME = "$(TARGET_NAME)";
				SUPPORTED_PLATFORMS = "iphoneos iphonesimulator";
				SUPPORTS_MACCATALYST = NO;
				SUPPORTS_MAC_DESIGNED_FOR_IPHONE_IPAD = NO;
				SWIFT_EMIT_LOC_STRINGS = YES;
				SWIFT_VERSION = 5.0;
				TARGETED_DEVICE_FAMILY = 1;
			};
			name = Release;
		};
/* End XCBuildConfiguration section */

/* Begin XCConfigurationList section */
		2C51680F2975BB4D004AD005 /* Build configuration list for PBXProject "CreateAIPicture" */ = {
			isa = XCConfigurationList;
			buildConfigurations = (
				2C5168262975BB4F004AD005 /* Debug */,
				2C5168272975BB4F004AD005 /* Release */,
			);
			defaultConfigurationIsVisible = 0;
			defaultConfigurationName = Release;
		};
		2C5168282975BB4F004AD005 /* Build configuration list for PBXNativeTarget "CreateAIPicture" */ = {
			isa = XCConfigurationList;
			buildConfigurations = (
				2C5168292975BB4F004AD005 /* Debug */,
				2C51682A2975BB4F004AD005 /* Release */,
			);
			defaultConfigurationIsVisible = 0;
			defaultConfigurationName = Release;
		};
/* End XCConfigurationList section */
	};
	rootObject = 2C51680C2975BB4D004AD005 /* Project object */;
}
